
Microsoft Visual Studio Solution File, Format Version 12.00
Project("{FAE04EC0-301F-11D3-BF4B-00C04F79EFBC}") = "Lab6-2Dudka", "Lab6-2Dudka\Lab6-2Dudka.csproj", "{D8715F50-9DE5-4D2C-931D-CDC6AC495DDB}"
EndProject
Global
	GlobalSection(SolutionConfigurationPlatforms) = preSolution
		Debug|Any CPU = Debug|Any CPU
		Release|Any CPU = Release|Any CPU
	EndGlobalSection
	GlobalSection(ProjectConfigurationPlatforms) = postSolution
		{D8715F50-9DE5-4D2C-931D-CDC6AC495DDB}.Debug|Any CPU.ActiveCfg = Debug|Any CPU
		{D8715F50-9DE5-4D2C-931D-CDC6AC495DDB}.Debug|Any CPU.Build.0 = Debug|Any CPU
		{D8715F50-9DE5-4D2C-931D-CDC6AC495DDB}.Release|Any CPU.ActiveCfg = Release|Any CPU
		{D8715F50-9DE5-4D2C-931D-CDC6AC495DDB}.Release|Any CPU.Build.0 = Release|Any CPU
	EndGlobalSection
EndGlobal
